// !$*UTF8*$!
{
	archiveVersion = 1;
	classes = {
	};
	objectVersion = 55;
	objects = {

/* Begin PBXBuildFile section */
		F006259B2812E735003F262A /* AppDelegate.m in Sources */ = {isa = PBXBuildFile; fileRef = F006259A2812E735003F262A /* AppDelegate.m */; };
		F006259E2812E735003F262A /* SceneDelegate.m in Sources */ = {isa = PBXBuildFile; fileRef = F006259D2812E735003F262A /* SceneDelegate.m */; };
		F00625A42812E735003F262A /* Main.storyboard in Resources */ = {isa = PBXBuildFile; fileRef = F00625A22812E735003F262A /* Main.storyboard */; };
		F00625A62812E738003F262A /* Assets.xcassets in Resources */ = {isa = PBXBuildFile; fileRef = F00625A52812E738003F262A /* Assets.xcassets */; };
		F00625A92812E738003F262A /* LaunchScreen.storyboard in Resources */ = {isa = PBXBuildFile; fileRef = F00625A72812E738003F262A /* LaunchScreen.storyboard */; };
		F00625AC2812E738003F262A /* main.m in Sources */ = {isa = PBXBuildFile; fileRef = F00625AB2812E738003F262A /* main.m */; };
		F00625B42812E7E8003F262A /* Friend.m in Sources */ = {isa = PBXBuildFile; fileRef = F00625B32812E7E8003F262A /* Friend.m */; };
		F0532CFA2822AC10007B247B /* GeoFriend+MapAnnotation.m in Sources */ = {isa = PBXBuildFile; fileRef = F0532CF92822AC10007B247B /* GeoFriend+MapAnnotation.m */; };
		F07FB36D282051B700732D06 /* FriendTableDetailTableViewController.m in Sources */ = {isa = PBXBuildFile; fileRef = F07FB36C282051B700732D06 /* FriendTableDetailTableViewController.m */; };
		F0B28A522812EB02006DF0E3 /* FriendList.m in Sources */ = {isa = PBXBuildFile; fileRef = F0B28A512812EB02006DF0E3 /* FriendList.m */; };
		F0B28A572812EDD8006DF0E3 /* FriendList_TableViewController.m in Sources */ = {isa = PBXBuildFile; fileRef = F0B28A562812EDD8006DF0E3 /* FriendList_TableViewController.m */; };
		F0C63AA0281C452500E043F3 /* FriendDetailViewController.m in Sources */ = {isa = PBXBuildFile; fileRef = F0C63A9F281C452500E043F3 /* FriendDetailViewController.m */; };
		F0F2BD1228206C6500809E0D /* Poi.m in Sources */ = {isa = PBXBuildFile; fileRef = F0F2BD1128206C6500809E0D /* Poi.m */; };
		F0F2BD1528206F9E00809E0D /* GeoFriend.m in Sources */ = {isa = PBXBuildFile; fileRef = F0F2BD1428206F9E00809E0D /* GeoFriend.m */; };
		F0F2BD182820752C00809E0D /* MapViewController.m in Sources */ = {isa = PBXBuildFile; fileRef = F0F2BD172820752C00809E0D /* MapViewController.m */; };
/* End PBXBuildFile section */

/* Begin PBXFileReference section */
		F00625962812E735003F262A /* MyFriendList.app */ = {isa = PBXFileReference; explicitFileType = wrapper.application; includeInIndex = 0; path = MyFriendList.app; sourceTree = BUILT_PRODUCTS_DIR; };
		F00625992812E735003F262A /* AppDelegate.h */ = {isa = PBXFileReference; lastKnownFileType = sourcecode.c.h; path = AppDelegate.h; sourceTree = "<group>"; };
		F006259A2812E735003F262A /* AppDelegate.m */ = {isa = PBXFileReference; lastKnownFileType = sourcecode.c.objc; path = AppDelegate.m; sourceTree = "<group>"; };
		F006259C2812E735003F262A /* SceneDelegate.h */ = {isa = PBXFileReference; lastKnownFileType = sourcecode.c.h; path = SceneDelegate.h; sourceTree = "<group>"; };
		F006259D2812E735003F262A /* SceneDelegate.m */ = {isa = PBXFileReference; lastKnownFileType = sourcecode.c.objc; path = SceneDelegate.m; sourceTree = "<group>"; };
		F00625A32812E735003F262A /* Base */ = {isa = PBXFileReference; lastKnownFileType = file.storyboard; name = Base; path = Base.lproj/Main.storyboard; sourceTree = "<group>"; };
		F00625A52812E738003F262A /* Assets.xcassets */ = {isa = PBXFileReference; lastKnownFileType = folder.assetcatalog; path = Assets.xcassets; sourceTree = "<group>"; };
		F00625A82812E738003F262A /* Base */ = {isa = PBXFileReference; lastKnownFileType = file.storyboard; name = Base; path = Base.lproj/LaunchScreen.storyboard; sourceTree = "<group>"; };
		F00625AA2812E738003F262A /* Info.plist */ = {isa = PBXFileReference; lastKnownFileType = text.plist.xml; path = Info.plist; sourceTree = "<group>"; };
		F00625AB2812E738003F262A /* main.m */ = {isa = PBXFileReference; lastKnownFileType = sourcecode.c.objc; path = main.m; sourceTree = "<group>"; };
		F00625B22812E7E8003F262A /* Friend.h */ = {isa = PBXFileReference; lastKnownFileType = sourcecode.c.h; path = Friend.h; sourceTree = "<group>"; };
		F00625B32812E7E8003F262A /* Friend.m */ = {isa = PBXFileReference; lastKnownFileType = sourcecode.c.objc; path = Friend.m; sourceTree = "<group>"; };
		F0532CF82822AC10007B247B /* GeoFriend+MapAnnotation.h */ = {isa = PBXFileReference; lastKnownFileType = sourcecode.c.h; path = "GeoFriend+MapAnnotation.h"; sourceTree = "<group>"; };
		F0532CF92822AC10007B247B /* GeoFriend+MapAnnotation.m */ = {isa = PBXFileReference; lastKnownFileType = sourcecode.c.objc; path = "GeoFriend+MapAnnotation.m"; sourceTree = "<group>"; };
		F07FB36B282051B700732D06 /* FriendTableDetailTableViewController.h */ = {isa = PBXFileReference; lastKnownFileType = sourcecode.c.h; path = FriendTableDetailTableViewController.h; sourceTree = "<group>"; };
		F07FB36C282051B700732D06 /* FriendTableDetailTableViewController.m */ = {isa = PBXFileReference; lastKnownFileType = sourcecode.c.objc; path = FriendTableDetailTableViewController.m; sourceTree = "<group>"; };
		F0B28A502812EB02006DF0E3 /* FriendList.h */ = {isa = PBXFileReference; lastKnownFileType = sourcecode.c.h; path = FriendList.h; sourceTree = "<group>"; };
		F0B28A512812EB02006DF0E3 /* FriendList.m */ = {isa = PBXFileReference; lastKnownFileType = sourcecode.c.objc; path = FriendList.m; sourceTree = "<group>"; };
		F0B28A552812EDD8006DF0E3 /* FriendList_TableViewController.h */ = {isa = PBXFileReference; lastKnownFileType = sourcecode.c.h; path = FriendList_TableViewController.h; sourceTree = "<group>"; };
		F0B28A562812EDD8006DF0E3 /* FriendList_TableViewController.m */ = {isa = PBXFileReference; lastKnownFileType = sourcecode.c.objc; path = FriendList_TableViewController.m; sourceTree = "<group>"; };
		F0C63A9E281C452500E043F3 /* FriendDetailViewController.h */ = {isa = PBXFileReference; lastKnownFileType = sourcecode.c.h; path = FriendDetailViewController.h; sourceTree = "<group>"; };
		F0C63A9F281C452500E043F3 /* FriendDetailViewController.m */ = {isa = PBXFileReference; lastKnownFileType = sourcecode.c.objc; path = FriendDetailViewController.m; sourceTree = "<group>"; };
		F0F2BD1028206C6500809E0D /* Poi.h */ = {isa = PBXFileReference; lastKnownFileType = sourcecode.c.h; path = Poi.h; sourceTree = "<group>"; };
		F0F2BD1128206C6500809E0D /* Poi.m */ = {isa = PBXFileReference; lastKnownFileType = sourcecode.c.objc; path = Poi.m; sourceTree = "<group>"; };
		F0F2BD1328206F9E00809E0D /* GeoFriend.h */ = {isa = PBXFileReference; lastKnownFileType = sourcecode.c.h; path = GeoFriend.h; sourceTree = "<group>"; };
		F0F2BD1428206F9E00809E0D /* GeoFriend.m */ = {isa = PBXFileReference; lastKnownFileType = sourcecode.c.objc; path = GeoFriend.m; sourceTree = "<group>"; };
		F0F2BD162820752C00809E0D /* MapViewController.h */ = {isa = PBXFileReference; lastKnownFileType = sourcecode.c.h; path = MapViewController.h; sourceTree = "<group>"; };
		F0F2BD172820752C00809E0D /* MapViewController.m */ = {isa = PBXFileReference; lastKnownFileType = sourcecode.c.objc; path = MapViewController.m; sourceTree = "<group>"; };
/* End PBXFileReference section */

/* Begin PBXFrameworksBuildPhase section */
		F00625932812E735003F262A /* Frameworks */ = {
			isa = PBXFrameworksBuildPhase;
			buildActionMask = 2147483647;
			files = (
			);
			runOnlyForDeploymentPostprocessing = 0;
		};
/* End PBXFrameworksBuildPhase section */

/* Begin PBXGroup section */
		F006258D2812E735003F262A = {
			isa = PBXGroup;
			children = (
				F00625982812E735003F262A /* MyFriendList */,
				F00625972812E735003F262A /* Products */,
			);
			sourceTree = "<group>";
		};
		F00625972812E735003F262A /* Products */ = {
			isa = PBXGroup;
			children = (
				F00625962812E735003F262A /* MyFriendList.app */,
			);
			name = Products;
			sourceTree = "<group>";
		};
		F00625982812E735003F262A /* MyFriendList */ = {
			isa = PBXGroup;
			children = (
				F00625992812E735003F262A /* AppDelegate.h */,
				F006259A2812E735003F262A /* AppDelegate.m */,
				F0B28A552812EDD8006DF0E3 /* FriendList_TableViewController.h */,
				F0B28A562812EDD8006DF0E3 /* FriendList_TableViewController.m */,
				F07FB36B282051B700732D06 /* FriendTableDetailTableViewController.h */,
				F07FB36C282051B700732D06 /* FriendTableDetailTableViewController.m */,
				F0F2BD162820752C00809E0D /* MapViewController.h */,
				F0F2BD172820752C00809E0D /* MapViewController.m */,
				F006259C2812E735003F262A /* SceneDelegate.h */,
				F006259D2812E735003F262A /* SceneDelegate.m */,
				F00625A22812E735003F262A /* Main.storyboard */,
				F0C63A9E281C452500E043F3 /* FriendDetailViewController.h */,
				F0C63A9F281C452500E043F3 /* FriendDetailViewController.m */,
				F00625A52812E738003F262A /* Assets.xcassets */,
				F00625A72812E738003F262A /* LaunchScreen.storyboard */,
				F0B28A542812ED44006DF0E3 /* model */,
				F00625AA2812E738003F262A /* Info.plist */,
				F00625AB2812E738003F262A /* main.m */,
			);
			path = MyFriendList;
			sourceTree = "<group>";
		};
		F0B28A542812ED44006DF0E3 /* model */ = {
			isa = PBXGroup;
			children = (
				F00625B22812E7E8003F262A /* Friend.h */,
				F00625B32812E7E8003F262A /* Friend.m */,
				F0F2BD1028206C6500809E0D /* Poi.h */,
				F0F2BD1128206C6500809E0D /* Poi.m */,
				F0F2BD1328206F9E00809E0D /* GeoFriend.h */,
				F0F2BD1428206F9E00809E0D /* GeoFriend.m */,
				F0532CF82822AC10007B247B /* GeoFriend+MapAnnotation.h */,
				F0532CF92822AC10007B247B /* GeoFriend+MapAnnotation.m */,
				F0B28A502812EB02006DF0E3 /* FriendList.h */,
				F0B28A512812EB02006DF0E3 /* FriendList.m */,
			);
			path = model;
			sourceTree = "<group>";
		};
/* End PBXGroup section */

/* Begin PBXNativeTarget section */
		F00625952812E735003F262A /* MyFriendList */ = {
			isa = PBXNativeTarget;
			buildConfigurationList = F00625AF2812E738003F262A /* Build configuration list for PBXNativeTarget "MyFriendList" */;
			buildPhases = (
				F00625922812E735003F262A /* Sources */,
				F00625932812E735003F262A /* Frameworks */,
				F00625942812E735003F262A /* Resources */,
			);
			buildRules = (
			);
			dependencies = (
			);
			name = MyFriendList;
			productName = MyFriendList;
			productReference = F00625962812E735003F262A /* MyFriendList.app */;
			productType = "com.apple.product-type.application";
		};
/* End PBXNativeTarget section */

/* Begin PBXProject section */
		F006258E2812E735003F262A /* Project object */ = {
			isa = PBXProject;
			attributes = {
				BuildIndependentTargetsInParallel = 1;
				LastUpgradeCheck = 1330;
				TargetAttributes = {
					F00625952812E735003F262A = {
						CreatedOnToolsVersion = 13.3.1;
					};
				};
			};
			buildConfigurationList = F00625912812E735003F262A /* Build configuration list for PBXProject "MyFriendList" */;
			compatibilityVersion = "Xcode 13.0";
			developmentRegion = en;
			hasScannedForEncodings = 0;
			knownRegions = (
				en,
				Base,
			);
			mainGroup = F006258D2812E735003F262A;
			productRefGroup = F00625972812E735003F262A /* Products */;
			projectDirPath = "";
			projectRoot = "";
			targets = (
				F00625952812E735003F262A /* MyFriendList */,
			);
		};
/* End PBXProject section */

/* Begin PBXResourcesBuildPhase section */
		F00625942812E735003F262A /* Resources */ = {
			isa = PBXResourcesBuildPhase;
			buildActionMask = 2147483647;
			files = (
				F00625A92812E738003F262A /* LaunchScreen.storyboard in Resources */,
				F00625A62812E738003F262A /* Assets.xcassets in Resources */,
				F00625A42812E735003F262A /* Main.storyboard in Resources */,
			);
			runOnlyForDeploymentPostprocessing = 0;
		};
/* End PBXResourcesBuildPhase section */

/* Begin PBXSourcesBuildPhase section */
		F00625922812E735003F262A /* Sources */ = {
			isa = PBXSourcesBuildPhase;
			buildActionMask = 2147483647;
			files = (
				F0C63AA0281C452500E043F3 /* FriendDetailViewController.m in Sources */,
				F0B28A572812EDD8006DF0E3 /* FriendList_TableViewController.m in Sources */,
				F00625B42812E7E8003F262A /* Friend.m in Sources */,
				F0532CFA2822AC10007B247B /* GeoFriend+MapAnnotation.m in Sources */,
				F0F2BD1228206C6500809E0D /* Poi.m in Sources */,
				F07FB36D282051B700732D06 /* FriendTableDetailTableViewController.m in Sources */,
				F006259B2812E735003F262A /* AppDelegate.m in Sources */,
				F00625AC2812E738003F262A /* main.m in Sources */,
				F0F2BD1528206F9E00809E0D /* GeoFriend.m in Sources */,
				F006259E2812E735003F262A /* SceneDelegate.m in Sources */,
				F0B28A522812EB02006DF0E3 /* FriendList.m in Sources */,
				F0F2BD182820752C00809E0D /* MapViewController.m in Sources */,
			);
			runOnlyForDeploymentPostprocessing = 0;
		};
/* End PBXSourcesBuildPhase section */

/* Begin PBXVariantGroup section */
		F00625A22812E735003F262A /* Main.storyboard */ = {
			isa = PBXVariantGroup;
			children = (
				F00625A32812E735003F262A /* Base */,
			);
			name = Main.storyboard;
			sourceTree = "<group>";
		};
		F00625A72812E738003F262A /* LaunchScreen.storyboard */ = {
			isa = PBXVariantGroup;
			children = (
				F00625A82812E738003F262A /* Base */,
			);
			name = LaunchScreen.storyboard;
			sourceTree = "<group>";
		};
/* End PBXVariantGroup section */

/* Begin XCBuildConfiguration section */
		F00625AD2812E738003F262A /* Debug */ = {
			isa = XCBuildConfiguration;
			buildSettings = {
				ALWAYS_SEARCH_USER_PATHS = NO;
				CLANG_ANALYZER_NONNULL = YES;
				CLANG_ANALYZER_NUMBER_OBJECT_CONVERSION = YES_AGGRESSIVE;
				CLANG_CXX_LANGUAGE_STANDARD = "gnu++17";
				CLANG_ENABLE_MODULES = YES;
				CLANG_ENABLE_OBJC_ARC = YES;
				CLANG_ENABLE_OBJC_WEAK = YES;
				CLANG_WARN_BLOCK_CAPTURE_AUTORELEASING = YES;
				CLANG_WARN_BOOL_CONVERSION = YES;
				CLANG_WARN_COMMA = YES;
				CLANG_WARN_CONSTANT_CONVERSION = YES;
				CLANG_WARN_DEPRECATED_OBJC_IMPLEMENTATIONS = YES;
				CLANG_WARN_DIRECT_OBJC_ISA_USAGE = YES_ERROR;
				CLANG_WARN_DOCUMENTATION_COMMENTS = YES;
				CLANG_WARN_EMPTY_BODY = YES;
				CLANG_WARN_ENUM_CONVERSION = YES;
				CLANG_WARN_INFINITE_RECURSION = YES;
				CLANG_WARN_INT_CONVERSION = YES;
				CLANG_WARN_NON_LITERAL_NULL_CONVERSION = YES;
				CLANG_WARN_OBJC_IMPLICIT_RETAIN_SELF = YES;
				CLANG_WARN_OBJC_LITERAL_CONVERSION = YES;
				CLANG_WARN_OBJC_ROOT_CLASS = YES_ERROR;
				CLANG_WARN_QUOTED_INCLUDE_IN_FRAMEWORK_HEADER = YES;
				CLANG_WARN_RANGE_LOOP_ANALYSIS = YES;
				CLANG_WARN_STRICT_PROTOTYPES = YES;
				CLANG_WARN_SUSPICIOUS_MOVE = YES;
				CLANG_WARN_UNGUARDED_AVAILABILITY = YES_AGGRESSIVE;
				CLANG_WARN_UNREACHABLE_CODE = YES;
				CLANG_WARN__DUPLICATE_METHOD_MATCH = YES;
				COPY_PHASE_STRIP = NO;
				DEBUG_INFORMATION_FORMAT = dwarf;
				ENABLE_STRICT_OBJC_MSGSEND = YES;
				ENABLE_TESTABILITY = YES;
				GCC_C_LANGUAGE_STANDARD = gnu11;
				GCC_DYNAMIC_NO_PIC = NO;
				GCC_NO_COMMON_BLOCKS = YES;
				GCC_OPTIMIZATION_LEVEL = 0;
				GCC_PREPROCESSOR_DEFINITIONS = (
					"DEBUG=1",
					"$(inherited)",
				);
				GCC_WARN_64_TO_32_BIT_CONVERSION = YES;
				GCC_WARN_ABOUT_RETURN_TYPE = YES_ERROR;
				GCC_WARN_UNDECLARED_SELECTOR = YES;
				GCC_WARN_UNINITIALIZED_AUTOS = YES_AGGRESSIVE;
				GCC_WARN_UNUSED_FUNCTION = YES;
				GCC_WARN_UNUSED_VARIABLE = YES;
				IPHONEOS_DEPLOYMENT_TARGET = 15.4;
				MTL_ENABLE_DEBUG_INFO = INCLUDE_SOURCE;
				MTL_FAST_MATH = YES;
				ONLY_ACTIVE_ARCH = YES;
				SDKROOT = iphoneos;
			};
			name = Debug;
		};
		F00625AE2812E738003F262A /* Release */ = {
			isa = XCBuildConfiguration;
			buildSettings = {
				ALWAYS_SEARCH_USER_PATHS = NO;
				CLANG_ANALYZER_NONNULL = YES;
				CLANG_ANALYZER_NUMBER_OBJECT_CONVERSION = YES_AGGRESSIVE;
				CLANG_CXX_LANGUAGE_STANDARD = "gnu++17";
				CLANG_ENABLE_MODULES = YES;
				CLANG_ENABLE_OBJC_ARC = YES;
				CLANG_ENABLE_OBJC_WEAK = YES;
				CLANG_WARN_BLOCK_CAPTURE_AUTORELEASING = YES;
				CLANG_WARN_BOOL_CONVERSION = YES;
				CLANG_WARN_COMMA = YES;
				CLANG_WARN_CONSTANT_CONVERSION = YES;
				CLANG_WARN_DEPRECATED_OBJC_IMPLEMENTATIONS = YES;
				CLANG_WARN_DIRECT_OBJC_ISA_USAGE = YES_ERROR;
				CLANG_WARN_DOCUMENTATION_COMMENTS = YES;
				CLANG_WARN_EMPTY_BODY = YES;
				CLANG_WARN_ENUM_CONVERSION = YES;
				CLANG_WARN_INFINITE_RECURSION = YES;
				CLANG_WARN_INT_CONVERSION = YES;
				CLANG_WARN_NON_LITERAL_NULL_CONVERSION = YES;
				CLANG_WARN_OBJC_IMPLICIT_RETAIN_SELF = YES;
				CLANG_WARN_OBJC_LITERAL_CONVERSION = YES;
				CLANG_WARN_OBJC_ROOT_CLASS = YES_ERROR;
				CLANG_WARN_QUOTED_INCLUDE_IN_FRAMEWORK_HEADER = YES;
				CLANG_WARN_RANGE_LOOP_ANALYSIS = YES;
				CLANG_WARN_STRICT_PROTOTYPES = YES;
				CLANG_WARN_SUSPICIOUS_MOVE = YES;
				CLANG_WARN_UNGUARDED_AVAILABILITY = YES_AGGRESSIVE;
				CLANG_WARN_UNREACHABLE_CODE = YES;
				CLANG_WARN__DUPLICATE_METHOD_MATCH = YES;
				COPY_PHASE_STRIP = NO;
				DEBUG_INFORMATION_FORMAT = "dwarf-with-dsym";
				ENABLE_NS_ASSERTIONS = NO;
				ENABLE_STRICT_OBJC_MSGSEND = YES;
				GCC_C_LANGUAGE_STANDARD = gnu11;
				GCC_NO_COMMON_BLOCKS = YES;
				GCC_WARN_64_TO_32_BIT_CONVERSION = YES;
				GCC_WARN_ABOUT_RETURN_TYPE = YES_ERROR;
				GCC_WARN_UNDECLARED_SELECTOR = YES;
				GCC_WARN_UNINITIALIZED_AUTOS = YES_AGGRESSIVE;
				GCC_WARN_UNUSED_FUNCTION = YES;
				GCC_WARN_UNUSED_VARIABLE = YES;
				IPHONEOS_DEPLOYMENT_TARGET = 15.4;
				MTL_ENABLE_DEBUG_INFO = NO;
				MTL_FAST_MATH = YES;
				SDKROOT = iphoneos;
				VALIDATE_PRODUCT = YES;
			};
			name = Release;
		};
		F00625B02812E738003F262A /* Debug */ = {
			isa = XCBuildConfiguration;
			buildSettings = {
				ASSETCATALOG_COMPILER_APPICON_NAME = AppIcon;
				ASSETCATALOG_COMPILER_GLOBAL_ACCENT_COLOR_NAME = AccentColor;
				CODE_SIGN_STYLE = Automatic;
				CURRENT_PROJECT_VERSION = 1;
				DEVELOPMENT_TEAM = L37J468BF9;
				GENERATE_INFOPLIST_FILE = YES;
				INFOPLIST_FILE = MyFriendList/Info.plist;
				INFOPLIST_KEY_UIApplicationSupportsIndirectInputEvents = YES;
				INFOPLIST_KEY_UILaunchStoryboardName = LaunchScreen;
				INFOPLIST_KEY_UIMainStoryboardFile = Main;
				INFOPLIST_KEY_UISupportedInterfaceOrientations_iPad = "UIInterfaceOrientationPortrait UIInterfaceOrientationPortraitUpsideDown UIInterfaceOrientationLandscapeLeft UIInterfaceOrientationLandscapeRight";
				INFOPLIST_KEY_UISupportedInterfaceOrientations_iPhone = "UIInterfaceOrientationPortrait UIInterfaceOrientationLandscapeLeft UIInterfaceOrientationLandscapeRight";
				LD_RUNPATH_SEARCH_PATHS = (
					"$(inherited)",
					"@executable_path/Frameworks",
				);
				MARKETING_VERSION = 1.0;
				PRODUCT_BUNDLE_IDENTIFIER = unipr.MyFriendList;
				PRODUCT_NAME = "$(TARGET_NAME)";
				SWIFT_EMIT_LOC_STRINGS = YES;
				TARGETED_DEVICE_FAMILY = "1,2";
			};
			name = Debug;
		};
		F00625B12812E738003F262A /* Release */ = {
			isa = XCBuildConfiguration;
			buildSettings = {
				ASSETCATALOG_COMPILER_APPICON_NAME = AppIcon;
				ASSETCATALOG_COMPILER_GLOBAL_ACCENT_COLOR_NAME = AccentColor;
				CODE_SIGN_STYLE = Automatic;
				CURRENT_PROJECT_VERSION = 1;
				DEVELOPMENT_TEAM = L37J468BF9;
				GENERATE_INFOPLIST_FILE = YES;
				INFOPLIST_FILE = MyFriendList/Info.plist;
				INFOPLIST_KEY_UIApplicationSupportsIndirectInputEvents = YES;
				INFOPLIST_KEY_UILaunchStoryboardName = LaunchScreen;
				INFOPLIST_KEY_UIMainStoryboardFile = Main;
				INFOPLIST_KEY_UISupportedInterfaceOrientations_iPad = "UIInterfaceOrientationPortrait UIInterfaceOrientationPortraitUpsideDown UIInterfaceOrientationLandscapeLeft UIInterfaceOrientationLandscapeRight";
				INFOPLIST_KEY_UISupportedInterfaceOrientations_iPhone = "UIInterfaceOrientationPortrait UIInterfaceOrientationLandscapeLeft UIInterfaceOrientationLandscapeRight";
				LD_RUNPATH_SEARCH_PATHS = (
					"$(inherited)",
					"@executable_path/Frameworks",
				);
				MARKETING_VERSION = 1.0;
				PRODUCT_BUNDLE_IDENTIFIER = unipr.MyFriendList;
				PRODUCT_NAME = "$(TARGET_NAME)";
				SWIFT_EMIT_LOC_STRINGS = YES;
				TARGETED_DEVICE_FAMILY = "1,2";
			};
			name = Release;
		};
/* End XCBuildConfiguration section */

/* Begin XCConfigurationList section */
		F00625912812E735003F262A /* Build configuration list for PBXProject "MyFriendList" */ = {
			isa = XCConfigurationList;
			buildConfigurations = (
				F00625AD2812E738003F262A /* Debug */,
				F00625AE2812E738003F262A /* Release */,
			);
			defaultConfigurationIsVisible = 0;
			defaultConfigurationName = Release;
		};
		F00625AF2812E738003F262A /* Build configuration list for PBXNativeTarget "MyFriendList" */ = {
			isa = XCConfigurationList;
			buildConfigurations = (
				F00625B02812E738003F262A /* Debug */,
				F00625B12812E738003F262A /* Release */,
			);
			defaultConfigurationIsVisible = 0;
			defaultConfigurationName = Release;
		};
/* End XCConfigurationList section */
	};
	rootObject = F006258E2812E735003F262A /* Project object */;
}
